
Microsoft Visual Studio Solution File, Format Version 12.00
# Visual Studio Version 17
VisualStudioVersion = 17.7.34221.43
MinimumVisualStudioVersion = 10.0.40219.1
Project("{9A19103F-16F7-4668-BE54-9A1E7A4F7556}") = "BotManager.API", "BotManager.API\BotManager.API.csproj", "{99C295B7-00C9-450D-99D8-5BC1542FFA06}"
EndProject
Global
	GlobalSection(SolutionConfigurationPlatforms) = preSolution
		Debug|Any CPU = Debug|Any CPU
		Dev|Any CPU = Dev|Any CPU
		Release|Any CPU = Release|Any CPU
	EndGlobalSection
	GlobalSection(ProjectConfigurationPlatforms) = postSolution
		{99C295B7-00C9-450D-99D8-5BC1542FFA06}.Debug|Any CPU.ActiveCfg = Debug|Any CPU
		{99C295B7-00C9-450D-99D8-5BC1542FFA06}.Debug|Any CPU.Build.0 = Debug|Any CPU
		{99C295B7-00C9-450D-99D8-5BC1542FFA06}.Dev|Any CPU.ActiveCfg = Dev|Any CPU
		{99C295B7-00C9-450D-99D8-5BC1542FFA06}.Dev|Any CPU.Build.0 = Dev|Any CPU
		{99C295B7-00C9-450D-99D8-5BC1542FFA06}.Release|Any CPU.ActiveCfg = Release|Any CPU
		{99C295B7-00C9-450D-99D8-5BC1542FFA06}.Release|Any CPU.Build.0 = Release|Any CPU
	EndGlobalSection
	GlobalSection(SolutionProperties) = preSolution
		HideSolutionNode = FALSE
	EndGlobalSection
	GlobalSection(ExtensibilityGlobals) = postSolution
		SolutionGuid = {6CD53A78-0B90-4309-A97E-47C10848E5F2}
	EndGlobalSection
EndGlobal
